
Microsoft Visual Studio Solution File, Format Version 12.00
# Visual Studio Version 17
VisualStudioVersion = 17.2.32630.192
MinimumVisualStudioVersion = 10.0.40219.1
Project("{8BC9CEB8-8B4A-11D0-8D11-00A0C91BC942}") = "LEDs", "LEDs\LEDs.vcxproj", "{8DAEBCE7-4CC1-428D-8D06-549AC060B408}"
	ProjectSection(ProjectDependencies) = postProject
		{85D6A08F-03C2-4F46-88D4-3BF474313EEB} = {85D6A08F-03C2-4F46-88D4-3BF474313EEB}
	EndProjectSection
EndProject
Project("{8BC9CEB8-8B4A-11D0-8D11-00A0C91BC942}") = "TrayWheelHook", "TrayIcon\TrayWheelHook\TrayWheelHook.vcxproj", "{85D6A08F-03C2-4F46-88D4-3BF474313EEB}"
EndProject
Project("{8BC9CEB8-8B4A-11D0-8D11-00A0C91BC942}") = "TrayIcon", "TrayIcon\TrayIcon\TrayIcon.vcxproj", "{EDD7EC76-2D75-4AE5-8172-033616C02D27}"
EndProject
Global
	GlobalSection(SolutionConfigurationPlatforms) = preSolution
		Debug|arm64 = Debug|arm64
		Debug|x64 = Debug|x64
		Debug|x86 = Debug|x86
		Release|arm64 = Release|arm64
		Release|x64 = Release|x64
		Release|x86 = Release|x86
	EndGlobalSection
	GlobalSection(ProjectConfigurationPlatforms) = postSolution
		{8DAEBCE7-4CC1-428D-8D06-549AC060B408}.Debug|arm64.ActiveCfg = Debug|arm64
		{8DAEBCE7-4CC1-428D-8D06-549AC060B408}.Debug|arm64.Build.0 = Debug|arm64
		{8DAEBCE7-4CC1-428D-8D06-549AC060B408}.Debug|arm64.Deploy.0 = Debug|arm64
		{8DAEBCE7-4CC1-428D-8D06-549AC060B408}.Debug|x64.ActiveCfg = Debug|x64
		{8DAEBCE7-4CC1-428D-8D06-549AC060B408}.Debug|x64.Build.0 = Debug|x64
		{8DAEBCE7-4CC1-428D-8D06-549AC060B408}.Debug|x64.Deploy.0 = Debug|x64
		{8DAEBCE7-4CC1-428D-8D06-549AC060B408}.Debug|x86.ActiveCfg = Debug|Win32
		{8DAEBCE7-4CC1-428D-8D06-549AC060B408}.Debug|x86.Build.0 = Debug|Win32
		{8DAEBCE7-4CC1-428D-8D06-549AC060B408}.Debug|x86.Deploy.0 = Debug|Win32
		{8DAEBCE7-4CC1-428D-8D06-549AC060B408}.Release|arm64.ActiveCfg = Release|arm64
		{8DAEBCE7-4CC1-428D-8D06-549AC060B408}.Release|arm64.Build.0 = Release|arm64
		{8DAEBCE7-4CC1-428D-8D06-549AC060B408}.Release|arm64.Deploy.0 = Release|arm64
		{8DAEBCE7-4CC1-428D-8D06-549AC060B408}.Release|x64.ActiveCfg = Release|x64
		{8DAEBCE7-4CC1-428D-8D06-549AC060B408}.Release|x64.Build.0 = Release|x64
		{8DAEBCE7-4CC1-428D-8D06-549AC060B408}.Release|x64.Deploy.0 = Release|x64
		{8DAEBCE7-4CC1-428D-8D06-549AC060B408}.Release|x86.ActiveCfg = Release|Win32
		{8DAEBCE7-4CC1-428D-8D06-549AC060B408}.Release|x86.Build.0 = Release|Win32
		{8DAEBCE7-4CC1-428D-8D06-549AC060B408}.Release|x86.Deploy.0 = Release|Win32
		{85D6A08F-03C2-4F46-88D4-3BF474313EEB}.Debug|arm64.ActiveCfg = Debug|x64
		{85D6A08F-03C2-4F46-88D4-3BF474313EEB}.Debug|arm64.Build.0 = Debug|x64
		{85D6A08F-03C2-4F46-88D4-3BF474313EEB}.Debug|x64.ActiveCfg = Debug|x64
		{85D6A08F-03C2-4F46-88D4-3BF474313EEB}.Debug|x64.Build.0 = Debug|x64
		{85D6A08F-03C2-4F46-88D4-3BF474313EEB}.Debug|x86.ActiveCfg = Debug|Win32
		{85D6A08F-03C2-4F46-88D4-3BF474313EEB}.Debug|x86.Build.0 = Debug|Win32
		{85D6A08F-03C2-4F46-88D4-3BF474313EEB}.Release|arm64.ActiveCfg = Release|x64
		{85D6A08F-03C2-4F46-88D4-3BF474313EEB}.Release|arm64.Build.0 = Release|x64
		{85D6A08F-03C2-4F46-88D4-3BF474313EEB}.Release|x64.ActiveCfg = Release|x64
		{85D6A08F-03C2-4F46-88D4-3BF474313EEB}.Release|x64.Build.0 = Release|x64
		{85D6A08F-03C2-4F46-88D4-3BF474313EEB}.Release|x86.ActiveCfg = Release|Win32
		{85D6A08F-03C2-4F46-88D4-3BF474313EEB}.Release|x86.Build.0 = Release|Win32
		{EDD7EC76-2D75-4AE5-8172-033616C02D27}.Debug|arm64.ActiveCfg = Debug|x64
		{EDD7EC76-2D75-4AE5-8172-033616C02D27}.Debug|arm64.Build.0 = Debug|x64
		{EDD7EC76-2D75-4AE5-8172-033616C02D27}.Debug|x64.ActiveCfg = Debug|x64
		{EDD7EC76-2D75-4AE5-8172-033616C02D27}.Debug|x64.Build.0 = Debug|x64
		{EDD7EC76-2D75-4AE5-8172-033616C02D27}.Debug|x86.ActiveCfg = Debug|Win32
		{EDD7EC76-2D75-4AE5-8172-033616C02D27}.Debug|x86.Build.0 = Debug|Win32
		{EDD7EC76-2D75-4AE5-8172-033616C02D27}.Release|arm64.ActiveCfg = Release|x64
		{EDD7EC76-2D75-4AE5-8172-033616C02D27}.Release|arm64.Build.0 = Release|x64
		{EDD7EC76-2D75-4AE5-8172-033616C02D27}.Release|x64.ActiveCfg = Release|x64
		{EDD7EC76-2D75-4AE5-8172-033616C02D27}.Release|x64.Build.0 = Release|x64
		{EDD7EC76-2D75-4AE5-8172-033616C02D27}.Release|x86.ActiveCfg = Release|Win32
		{EDD7EC76-2D75-4AE5-8172-033616C02D27}.Release|x86.Build.0 = Release|Win32
	EndGlobalSection
	GlobalSection(SolutionProperties) = preSolution
		HideSolutionNode = FALSE
	EndGlobalSection
	GlobalSection(ExtensibilityGlobals) = postSolution
		SolutionGuid = {A0E7B2DA-F584-479B-B4E7-74849C1D8E3E}
	EndGlobalSection
EndGlobal
